
Microsoft Visual Studio Solution File, Format Version 12.00
# Visual Studio Version 17
VisualStudioVersion = 17.13.35806.99
MinimumVisualStudioVersion = 10.0.40219.1
Project("{FAE04EC0-301F-11D3-BF4B-00C04F79EFBC}") = "Core", "Core\Core.csproj", "{5ADC113E-15F5-4D24-A71A-FD54D7DECD24}"
EndProject
Project("{FAE04EC0-301F-11D3-BF4B-00C04F79EFBC}") = "UnitTests", "UnitTests\UnitTests.csproj", "{9DE44003-9573-4D7E-B593-5FF88EEBFDE4}"
EndProject
Project("{2150E333-8FDC-42A3-9474-1A3956D46DE8}") = "Solution Items", "Solution Items", "{8EC462FD-D22E-90A8-E5CE-7E832BA40C5D}"
	ProjectSection(SolutionItems) = preProject
		..\build.bat = ..\build.bat
		..\build.ps1 = ..\build.ps1
		..\BuildFunctions.ps1 = ..\BuildFunctions.ps1
		..\click_to_build.bat = ..\click_to_build.bat
		..\PrivateBuild.ps1 = ..\PrivateBuild.ps1
		..\README.md = ..\README.md
	EndProjectSection
EndProject
Project("{2150E333-8FDC-42A3-9474-1A3956D46DE8}") = "arch", "arch", "{02EA681E-C7D8-13C7-8484-4AC65E1B71E8}"
	ProjectSection(SolutionItems) = preProject
		..\arch\arch-c4-class-domain-model.puml = ..\arch\arch-c4-class-domain-model.puml
		..\arch\arch-c4-component-project-dependencies.puml = ..\arch\arch-c4-component-project-dependencies.puml
		..\arch\arch-c4-container-deployment.puml = ..\arch\arch-c4-container-deployment.puml
		..\arch\arch-c4-system.puml = ..\arch\arch-c4-system.puml
		..\arch\PlantUMLSetup.ps1 = ..\arch\PlantUMLSetup.ps1
		..\arch\SolutionStructure.argr = ..\arch\SolutionStructure.argr
		..\arch\SolutionStructure.png = ..\arch\SolutionStructure.png
	EndProjectSection
EndProject
Project("{FAE04EC0-301F-11D3-BF4B-00C04F79EFBC}") = "Database", "Database\Database.csproj", "{D3C7BBBE-2707-4349-B577-C72D30F3382C}"
EndProject
Project("{FAE04EC0-301F-11D3-BF4B-00C04F79EFBC}") = "IntegrationTests", "IntegrationTests\IntegrationTests.csproj", "{F8AF2C73-A7A7-4752-A229-A9565D7FCB67}"
EndProject
Global
	GlobalSection(SolutionConfigurationPlatforms) = preSolution
		Debug|Any CPU = Debug|Any CPU
		Release|Any CPU = Release|Any CPU
	EndGlobalSection
	GlobalSection(ProjectConfigurationPlatforms) = postSolution
		{5ADC113E-15F5-4D24-A71A-FD54D7DECD24}.Debug|Any CPU.ActiveCfg = Debug|Any CPU
		{5ADC113E-15F5-4D24-A71A-FD54D7DECD24}.Debug|Any CPU.Build.0 = Debug|Any CPU
		{5ADC113E-15F5-4D24-A71A-FD54D7DECD24}.Release|Any CPU.ActiveCfg = Release|Any CPU
		{5ADC113E-15F5-4D24-A71A-FD54D7DECD24}.Release|Any CPU.Build.0 = Release|Any CPU
		{9DE44003-9573-4D7E-B593-5FF88EEBFDE4}.Debug|Any CPU.ActiveCfg = Debug|Any CPU
		{9DE44003-9573-4D7E-B593-5FF88EEBFDE4}.Debug|Any CPU.Build.0 = Debug|Any CPU
		{9DE44003-9573-4D7E-B593-5FF88EEBFDE4}.Release|Any CPU.ActiveCfg = Release|Any CPU
		{9DE44003-9573-4D7E-B593-5FF88EEBFDE4}.Release|Any CPU.Build.0 = Release|Any CPU
		{D3C7BBBE-2707-4349-B577-C72D30F3382C}.Debug|Any CPU.ActiveCfg = Debug|Any CPU
		{D3C7BBBE-2707-4349-B577-C72D30F3382C}.Debug|Any CPU.Build.0 = Debug|Any CPU
		{D3C7BBBE-2707-4349-B577-C72D30F3382C}.Release|Any CPU.ActiveCfg = Release|Any CPU
		{D3C7BBBE-2707-4349-B577-C72D30F3382C}.Release|Any CPU.Build.0 = Release|Any CPU
		{F8AF2C73-A7A7-4752-A229-A9565D7FCB67}.Debug|Any CPU.ActiveCfg = Debug|Any CPU
		{F8AF2C73-A7A7-4752-A229-A9565D7FCB67}.Debug|Any CPU.Build.0 = Debug|Any CPU
		{F8AF2C73-A7A7-4752-A229-A9565D7FCB67}.Release|Any CPU.ActiveCfg = Release|Any CPU
		{F8AF2C73-A7A7-4752-A229-A9565D7FCB67}.Release|Any CPU.Build.0 = Release|Any CPU
	EndGlobalSection
	GlobalSection(SolutionProperties) = preSolution
		HideSolutionNode = FALSE
	EndGlobalSection
	GlobalSection(NestedProjects) = preSolution
		{02EA681E-C7D8-13C7-8484-4AC65E1B71E8} = {8EC462FD-D22E-90A8-E5CE-7E832BA40C5D}
	EndGlobalSection
	GlobalSection(ExtensibilityGlobals) = postSolution
		SolutionGuid = {5368F996-416A-42A4-BFA5-CB1F663448D4}
	EndGlobalSection
EndGlobal
