
Microsoft Visual Studio Solution File, Format Version 12.00
# Visual Studio Version 17
VisualStudioVersion = 17.13.35806.99
MinimumVisualStudioVersion = 10.0.40219.1
Project("{FAE04EC0-301F-11D3-BF4B-00C04F79EFBC}") = "Core", "Core\Core.csproj", "{5ADC113E-15F5-4D24-A71A-FD54D7DECD24}"
EndProject
Project("{FAE04EC0-301F-11D3-BF4B-00C04F79EFBC}") = "UnitTests", "UnitTests\UnitTests.csproj", "{9DE44003-9573-4D7E-B593-5FF88EEBFDE4}"
EndProject
Global
	GlobalSection(SolutionConfigurationPlatforms) = preSolution
		Debug|Any CPU = Debug|Any CPU
		Release|Any CPU = Release|Any CPU
	EndGlobalSection
	GlobalSection(ProjectConfigurationPlatforms) = postSolution
		{5ADC113E-15F5-4D24-A71A-FD54D7DECD24}.Debug|Any CPU.ActiveCfg = Debug|Any CPU
		{5ADC113E-15F5-4D24-A71A-FD54D7DECD24}.Debug|Any CPU.Build.0 = Debug|Any CPU
		{5ADC113E-15F5-4D24-A71A-FD54D7DECD24}.Release|Any CPU.ActiveCfg = Release|Any CPU
		{5ADC113E-15F5-4D24-A71A-FD54D7DECD24}.Release|Any CPU.Build.0 = Release|Any CPU
		{9DE44003-9573-4D7E-B593-5FF88EEBFDE4}.Debug|Any CPU.ActiveCfg = Debug|Any CPU
		{9DE44003-9573-4D7E-B593-5FF88EEBFDE4}.Debug|Any CPU.Build.0 = Debug|Any CPU
		{9DE44003-9573-4D7E-B593-5FF88EEBFDE4}.Release|Any CPU.ActiveCfg = Release|Any CPU
		{9DE44003-9573-4D7E-B593-5FF88EEBFDE4}.Release|Any CPU.Build.0 = Release|Any CPU
	EndGlobalSection
	GlobalSection(SolutionProperties) = preSolution
		HideSolutionNode = FALSE
	EndGlobalSection
	GlobalSection(ExtensibilityGlobals) = postSolution
		SolutionGuid = {5368F996-416A-42A4-BFA5-CB1F663448D4}
	EndGlobalSection
EndGlobal
